
Microsoft Visual Studio Solution File, Format Version 12.00
# Visual Studio Version 17
VisualStudioVersion = 17.7.34024.191
MinimumVisualStudioVersion = 10.0.40219.1
Project("{FAE04EC0-301F-11D3-BF4B-00C04F79EFBC}") = "AutoMapper_Example", "AutoMapper_Example\AutoMapper_Example.csproj", "{FF054CA6-8558-43EB-B6CC-0DBADF8666BA}"
EndProject
Global
	GlobalSection(SolutionConfigurationPlatforms) = preSolution
		Debug|Any CPU = Debug|Any CPU
		Release|Any CPU = Release|Any CPU
	EndGlobalSection
	GlobalSection(ProjectConfigurationPlatforms) = postSolution
		{FF054CA6-8558-43EB-B6CC-0DBADF8666BA}.Debug|Any CPU.ActiveCfg = Debug|Any CPU
		{FF054CA6-8558-43EB-B6CC-0DBADF8666BA}.Debug|Any CPU.Build.0 = Debug|Any CPU
		{FF054CA6-8558-43EB-B6CC-0DBADF8666BA}.Release|Any CPU.ActiveCfg = Release|Any CPU
		{FF054CA6-8558-43EB-B6CC-0DBADF8666BA}.Release|Any CPU.Build.0 = Release|Any CPU
	EndGlobalSection
	GlobalSection(SolutionProperties) = preSolution
		HideSolutionNode = FALSE
	EndGlobalSection
	GlobalSection(ExtensibilityGlobals) = postSolution
		SolutionGuid = {AD95DF16-0D78-4236-9E1C-5FA8D75383A7}
	EndGlobalSection
EndGlobal
